// !$*UTF8*$!
{
	archiveVersion = 1;
	classes = {
	};
	objectVersion = 50;
	objects = {

/* Begin PBXBuildFile section */
		7EA831B3033DEB4E30476626 /* libPods-KabanIOS.a in Frameworks */ = {isa = PBXBuildFile; fileRef = 5EFADE40A6F762B9B31D7775 /* libPods-KabanIOS.a */; };
		A411BCBA212DB86500A2BBDA /* GoogleService-Info.plist in Resources */ = {isa = PBXBuildFile; fileRef = A411BCB9212DB86500A2BBDA /* GoogleService-Info.plist */; };
		A411BCC0212DD35100A2BBDA /* BaseModel.m in Sources */ = {isa = PBXBuildFile; fileRef = A411BCBF212DD35100A2BBDA /* BaseModel.m */; };
		A411BCC3212DD42B00A2BBDA /* Profile.m in Sources */ = {isa = PBXBuildFile; fileRef = A411BCC2212DD42B00A2BBDA /* Profile.m */; };
		A411BCC8212DD75900A2BBDA /* ProfileManager.m in Sources */ = {isa = PBXBuildFile; fileRef = A411BCC7212DD75900A2BBDA /* ProfileManager.m */; };
		A412ECAE2140674000FAE222 /* RevealViewController.m in Sources */ = {isa = PBXBuildFile; fileRef = A412ECAD2140674000FAE222 /* RevealViewController.m */; };
		A49C42B5213A36540022A2E7 /* HomeViewController.m in Sources */ = {isa = PBXBuildFile; fileRef = A49C42B4213A36540022A2E7 /* HomeViewController.m */; };
		A49C42B9213A3A9B0022A2E7 /* FacebookLoginHelper.m in Sources */ = {isa = PBXBuildFile; fileRef = A49C42B8213A3A9B0022A2E7 /* FacebookLoginHelper.m */; };
		A49C42BE213A82680022A2E7 /* UIViewController+Additions.m in Sources */ = {isa = PBXBuildFile; fileRef = A49C42BD213A82680022A2E7 /* UIViewController+Additions.m */; };
		A49C42C1213A8F7F0022A2E7 /* ParentViewController.m in Sources */ = {isa = PBXBuildFile; fileRef = A49C42C0213A8F7F0022A2E7 /* ParentViewController.m */; };
		A4C3A5F9212DA34700619A9E /* AppDelegate.m in Sources */ = {isa = PBXBuildFile; fileRef = A4C3A5F8212DA34700619A9E /* AppDelegate.m */; };
		A4C3A5FC212DA34700619A9E /* WelcomeLoginViewController.m in Sources */ = {isa = PBXBuildFile; fileRef = A4C3A5FB212DA34700619A9E /* WelcomeLoginViewController.m */; };
		A4C3A5FF212DA34700619A9E /* Main.storyboard in Resources */ = {isa = PBXBuildFile; fileRef = A4C3A5FD212DA34700619A9E /* Main.storyboard */; };
		A4C3A602212DA34700619A9E /* KabanIOS.xcdatamodeld in Sources */ = {isa = PBXBuildFile; fileRef = A4C3A600212DA34700619A9E /* KabanIOS.xcdatamodeld */; };
		A4C3A604212DA34900619A9E /* Assets.xcassets in Resources */ = {isa = PBXBuildFile; fileRef = A4C3A603212DA34900619A9E /* Assets.xcassets */; };
		A4C3A607212DA34900619A9E /* LaunchScreen.storyboard in Resources */ = {isa = PBXBuildFile; fileRef = A4C3A605212DA34900619A9E /* LaunchScreen.storyboard */; };
		A4C3A60A212DA34900619A9E /* main.m in Sources */ = {isa = PBXBuildFile; fileRef = A4C3A609212DA34900619A9E /* main.m */; };
		A4E69373213C54FF00BA4511 /* WelcomeViewController.m in Sources */ = {isa = PBXBuildFile; fileRef = A4E69372213C54FF00BA4511 /* WelcomeViewController.m */; };
		A4EFDDA22140F788009B8644 /* SideMenuViewController.m in Sources */ = {isa = PBXBuildFile; fileRef = A4EFDDA12140F788009B8644 /* SideMenuViewController.m */; };
/* End PBXBuildFile section */

/* Begin PBXFileReference section */
		0475E7A1894948098EB8E2F2 /* Pods-KabanIOS.release.xcconfig */ = {isa = PBXFileReference; includeInIndex = 1; lastKnownFileType = text.xcconfig; name = "Pods-KabanIOS.release.xcconfig"; path = "Pods/Target Support Files/Pods-KabanIOS/Pods-KabanIOS.release.xcconfig"; sourceTree = "<group>"; };
		52740846A9BBC5877E159C6F /* Pods-KabanIOS.debug.xcconfig */ = {isa = PBXFileReference; includeInIndex = 1; lastKnownFileType = text.xcconfig; name = "Pods-KabanIOS.debug.xcconfig"; path = "Pods/Target Support Files/Pods-KabanIOS/Pods-KabanIOS.debug.xcconfig"; sourceTree = "<group>"; };
		5EFADE40A6F762B9B31D7775 /* libPods-KabanIOS.a */ = {isa = PBXFileReference; explicitFileType = archive.ar; includeInIndex = 0; path = "libPods-KabanIOS.a"; sourceTree = BUILT_PRODUCTS_DIR; };
		A411BCB9212DB86500A2BBDA /* GoogleService-Info.plist */ = {isa = PBXFileReference; fileEncoding = 4; lastKnownFileType = text.plist.xml; path = "GoogleService-Info.plist"; sourceTree = "<group>"; };
		A411BCBE212DD34100A2BBDA /* BaseModel.h */ = {isa = PBXFileReference; lastKnownFileType = sourcecode.c.h; path = BaseModel.h; sourceTree = "<group>"; };
		A411BCBF212DD35100A2BBDA /* BaseModel.m */ = {isa = PBXFileReference; lastKnownFileType = sourcecode.c.objc; path = BaseModel.m; sourceTree = "<group>"; };
		A411BCC2212DD42B00A2BBDA /* Profile.m */ = {isa = PBXFileReference; lastKnownFileType = sourcecode.c.objc; path = Profile.m; sourceTree = "<group>"; };
		A411BCC4212DD43C00A2BBDA /* Profile.h */ = {isa = PBXFileReference; lastKnownFileType = sourcecode.c.h; path = Profile.h; sourceTree = "<group>"; };
		A411BCC6212DD74A00A2BBDA /* ProfileManager.h */ = {isa = PBXFileReference; lastKnownFileType = sourcecode.c.h; path = ProfileManager.h; sourceTree = "<group>"; };
		A411BCC7212DD75900A2BBDA /* ProfileManager.m */ = {isa = PBXFileReference; lastKnownFileType = sourcecode.c.objc; path = ProfileManager.m; sourceTree = "<group>"; };
		A412ECAC2140670D00FAE222 /* RevealViewController.h */ = {isa = PBXFileReference; lastKnownFileType = sourcecode.c.h; path = RevealViewController.h; sourceTree = "<group>"; };
		A412ECAD2140674000FAE222 /* RevealViewController.m */ = {isa = PBXFileReference; lastKnownFileType = sourcecode.c.objc; path = RevealViewController.m; sourceTree = "<group>"; };
		A49C42B3213A36540022A2E7 /* HomeViewController.h */ = {isa = PBXFileReference; lastKnownFileType = sourcecode.c.h; path = HomeViewController.h; sourceTree = "<group>"; };
		A49C42B4213A36540022A2E7 /* HomeViewController.m */ = {isa = PBXFileReference; lastKnownFileType = sourcecode.c.objc; path = HomeViewController.m; sourceTree = "<group>"; };
		A49C42B7213A3A860022A2E7 /* FacebookLoginHelper.h */ = {isa = PBXFileReference; lastKnownFileType = sourcecode.c.h; path = FacebookLoginHelper.h; sourceTree = "<group>"; };
		A49C42B8213A3A9B0022A2E7 /* FacebookLoginHelper.m */ = {isa = PBXFileReference; lastKnownFileType = sourcecode.c.objc; path = FacebookLoginHelper.m; sourceTree = "<group>"; };
		A49C42BC213A825B0022A2E7 /* UIViewController+Additions.h */ = {isa = PBXFileReference; lastKnownFileType = sourcecode.c.h; path = "UIViewController+Additions.h"; sourceTree = "<group>"; };
		A49C42BD213A82680022A2E7 /* UIViewController+Additions.m */ = {isa = PBXFileReference; lastKnownFileType = sourcecode.c.objc; path = "UIViewController+Additions.m"; sourceTree = "<group>"; };
		A49C42C0213A8F7F0022A2E7 /* ParentViewController.m */ = {isa = PBXFileReference; lastKnownFileType = sourcecode.c.objc; path = ParentViewController.m; sourceTree = "<group>"; };
		A49C42C2213A8F880022A2E7 /* ParentViewController.h */ = {isa = PBXFileReference; lastKnownFileType = sourcecode.c.h; path = ParentViewController.h; sourceTree = "<group>"; };
		A4C3A5F4212DA34700619A9E /* KabanIOS.app */ = {isa = PBXFileReference; explicitFileType = wrapper.application; includeInIndex = 0; path = KabanIOS.app; sourceTree = BUILT_PRODUCTS_DIR; };
		A4C3A5F7212DA34700619A9E /* AppDelegate.h */ = {isa = PBXFileReference; lastKnownFileType = sourcecode.c.h; path = AppDelegate.h; sourceTree = "<group>"; };
		A4C3A5F8212DA34700619A9E /* AppDelegate.m */ = {isa = PBXFileReference; lastKnownFileType = sourcecode.c.objc; path = AppDelegate.m; sourceTree = "<group>"; };
		A4C3A5FA212DA34700619A9E /* WelcomeLoginViewController.h */ = {isa = PBXFileReference; lastKnownFileType = sourcecode.c.h; path = WelcomeLoginViewController.h; sourceTree = "<group>"; };
		A4C3A5FB212DA34700619A9E /* WelcomeLoginViewController.m */ = {isa = PBXFileReference; lastKnownFileType = sourcecode.c.objc; path = WelcomeLoginViewController.m; sourceTree = "<group>"; };
		A4C3A5FE212DA34700619A9E /* Base */ = {isa = PBXFileReference; lastKnownFileType = file.storyboard; name = Base; path = Base.lproj/Main.storyboard; sourceTree = "<group>"; };
		A4C3A601212DA34700619A9E /* KabanIOS.xcdatamodel */ = {isa = PBXFileReference; lastKnownFileType = wrapper.xcdatamodel; path = KabanIOS.xcdatamodel; sourceTree = "<group>"; };
		A4C3A603212DA34900619A9E /* Assets.xcassets */ = {isa = PBXFileReference; lastKnownFileType = folder.assetcatalog; path = Assets.xcassets; sourceTree = "<group>"; };
		A4C3A606212DA34900619A9E /* Base */ = {isa = PBXFileReference; lastKnownFileType = file.storyboard; name = Base; path = Base.lproj/LaunchScreen.storyboard; sourceTree = "<group>"; };
		A4C3A608212DA34900619A9E /* Info.plist */ = {isa = PBXFileReference; lastKnownFileType = text.plist.xml; path = Info.plist; sourceTree = "<group>"; };
		A4C3A609212DA34900619A9E /* main.m */ = {isa = PBXFileReference; lastKnownFileType = sourcecode.c.objc; path = main.m; sourceTree = "<group>"; };
		A4E69371213C54FF00BA4511 /* WelcomeViewController.h */ = {isa = PBXFileReference; lastKnownFileType = sourcecode.c.h; path = WelcomeViewController.h; sourceTree = "<group>"; };
		A4E69372213C54FF00BA4511 /* WelcomeViewController.m */ = {isa = PBXFileReference; lastKnownFileType = sourcecode.c.objc; path = WelcomeViewController.m; sourceTree = "<group>"; };
		A4EFDDA02140F788009B8644 /* SideMenuViewController.h */ = {isa = PBXFileReference; lastKnownFileType = sourcecode.c.h; path = SideMenuViewController.h; sourceTree = "<group>"; };
		A4EFDDA12140F788009B8644 /* SideMenuViewController.m */ = {isa = PBXFileReference; lastKnownFileType = sourcecode.c.objc; path = SideMenuViewController.m; sourceTree = "<group>"; };
/* End PBXFileReference section */

/* Begin PBXFrameworksBuildPhase section */
		A4C3A5F1212DA34700619A9E /* Frameworks */ = {
			isa = PBXFrameworksBuildPhase;
			buildActionMask = 2147483647;
			files = (
				7EA831B3033DEB4E30476626 /* libPods-KabanIOS.a in Frameworks */,
			);
			runOnlyForDeploymentPostprocessing = 0;
		};
/* End PBXFrameworksBuildPhase section */

/* Begin PBXGroup section */
		A411BCBB212DD30400A2BBDA /* Model */ = {
			isa = PBXGroup;
			children = (
				A411BCC5212DD73100A2BBDA /* ProfileManager */,
				A411BCBD212DD32A00A2BBDA /* BaseModel */,
				A411BCC1212DD3B000A2BBDA /* Profile */,
			);
			path = Model;
			sourceTree = "<group>";
		};
		A411BCBD212DD32A00A2BBDA /* BaseModel */ = {
			isa = PBXGroup;
			children = (
				A411BCBE212DD34100A2BBDA /* BaseModel.h */,
				A411BCBF212DD35100A2BBDA /* BaseModel.m */,
			);
			path = BaseModel;
			sourceTree = "<group>";
		};
		A411BCC1212DD3B000A2BBDA /* Profile */ = {
			isa = PBXGroup;
			children = (
				A411BCC4212DD43C00A2BBDA /* Profile.h */,
				A411BCC2212DD42B00A2BBDA /* Profile.m */,
			);
			path = Profile;
			sourceTree = "<group>";
		};
		A411BCC5212DD73100A2BBDA /* ProfileManager */ = {
			isa = PBXGroup;
			children = (
				A411BCC6212DD74A00A2BBDA /* ProfileManager.h */,
				A411BCC7212DD75900A2BBDA /* ProfileManager.m */,
			);
			path = ProfileManager;
			sourceTree = "<group>";
		};
		A412ECAA2140621300FAE222 /* UI */ = {
			isa = PBXGroup;
			children = (
				A412ECAB2140622B00FAE222 /* RevealViewController */,
			);
			path = UI;
			sourceTree = "<group>";
		};
		A412ECAB2140622B00FAE222 /* RevealViewController */ = {
			isa = PBXGroup;
			children = (
				A412ECAC2140670D00FAE222 /* RevealViewController.h */,
				A412ECAD2140674000FAE222 /* RevealViewController.m */,
			);
			path = RevealViewController;
			sourceTree = "<group>";
		};
		A49C42B2213A36310022A2E7 /* HomeView */ = {
			isa = PBXGroup;
			children = (
				A49C42B3213A36540022A2E7 /* HomeViewController.h */,
				A49C42B4213A36540022A2E7 /* HomeViewController.m */,
			);
			path = HomeView;
			sourceTree = "<group>";
		};
		A49C42B6213A3A6C0022A2E7 /* Facebook */ = {
			isa = PBXGroup;
			children = (
				A49C42B7213A3A860022A2E7 /* FacebookLoginHelper.h */,
				A49C42B8213A3A9B0022A2E7 /* FacebookLoginHelper.m */,
			);
			path = Facebook;
			sourceTree = "<group>";
		};
		A49C42BA213A82010022A2E7 /* Categories */ = {
			isa = PBXGroup;
			children = (
				A49C42BB213A82370022A2E7 /* UIViewController+Additions */,
			);
			path = Categories;
			sourceTree = "<group>";
		};
		A49C42BB213A82370022A2E7 /* UIViewController+Additions */ = {
			isa = PBXGroup;
			children = (
				A49C42BC213A825B0022A2E7 /* UIViewController+Additions.h */,
				A49C42BD213A82680022A2E7 /* UIViewController+Additions.m */,
			);
			path = "UIViewController+Additions";
			sourceTree = "<group>";
		};
		A49C42BF213A8F6A0022A2E7 /* ParentViewController */ = {
			isa = PBXGroup;
			children = (
				A49C42C2213A8F880022A2E7 /* ParentViewController.h */,
				A49C42C0213A8F7F0022A2E7 /* ParentViewController.m */,
			);
			path = ParentViewController;
			sourceTree = "<group>";
		};
		A4A4D2DB21413D71008EF94D /* Resources */ = {
			isa = PBXGroup;
			children = (
				A4C3A603212DA34900619A9E /* Assets.xcassets */,
			);
			path = Resources;
			sourceTree = "<group>";
		};
		A4C3A5EB212DA34700619A9E = {
			isa = PBXGroup;
			children = (
				A4C3A5F6212DA34700619A9E /* KabanIOS */,
				A4C3A5F5212DA34700619A9E /* Products */,
				AEA336E996E8E9D83173CD54 /* Pods */,
				B9BAF47A46AA6A007518F32E /* Frameworks */,
			);
			sourceTree = "<group>";
		};
		A4C3A5F5212DA34700619A9E /* Products */ = {
			isa = PBXGroup;
			children = (
				A4C3A5F4212DA34700619A9E /* KabanIOS.app */,
			);
			name = Products;
			sourceTree = "<group>";
		};
		A4C3A5F6212DA34700619A9E /* KabanIOS */ = {
			isa = PBXGroup;
			children = (
				A411BCBB212DD30400A2BBDA /* Model */,
				A4C3A614212DA66800619A9E /* Vendor */,
				A49C42BA213A82010022A2E7 /* Categories */,
				A4C3A613212DA65800619A9E /* ViewControllers */,
				A4C3A612212DA62A00619A9E /* Storyboards */,
				A412ECAA2140621300FAE222 /* UI */,
				A4C3A611212DA5FC00619A9E /* AppDelegate */,
				A4A4D2DB21413D71008EF94D /* Resources */,
				A4C3A605212DA34900619A9E /* LaunchScreen.storyboard */,
				A4C3A608212DA34900619A9E /* Info.plist */,
				A411BCB9212DB86500A2BBDA /* GoogleService-Info.plist */,
				A4C3A609212DA34900619A9E /* main.m */,
				A4C3A600212DA34700619A9E /* KabanIOS.xcdatamodeld */,
			);
			path = KabanIOS;
			sourceTree = "<group>";
		};
		A4C3A611212DA5FC00619A9E /* AppDelegate */ = {
			isa = PBXGroup;
			children = (
				A4C3A5F7212DA34700619A9E /* AppDelegate.h */,
				A4C3A5F8212DA34700619A9E /* AppDelegate.m */,
			);
			path = AppDelegate;
			sourceTree = "<group>";
		};
		A4C3A612212DA62A00619A9E /* Storyboards */ = {
			isa = PBXGroup;
			children = (
				A4C3A5FD212DA34700619A9E /* Main.storyboard */,
			);
			path = Storyboards;
			sourceTree = "<group>";
		};
		A4C3A613212DA65800619A9E /* ViewControllers */ = {
			isa = PBXGroup;
			children = (
				A4EFDD9F2140F6D7009B8644 /* SideMenuViewController */,
				A49C42BF213A8F6A0022A2E7 /* ParentViewController */,
				A4E69370213C54D800BA4511 /* WelcomeView */,
				A49C42B2213A36310022A2E7 /* HomeView */,
				A4C3A615212DA72500619A9E /* WelcomeLoginView */,
			);
			path = ViewControllers;
			sourceTree = "<group>";
		};
		A4C3A614212DA66800619A9E /* Vendor */ = {
			isa = PBXGroup;
			children = (
				A49C42B6213A3A6C0022A2E7 /* Facebook */,
			);
			path = Vendor;
			sourceTree = "<group>";
		};
		A4C3A615212DA72500619A9E /* WelcomeLoginView */ = {
			isa = PBXGroup;
			children = (
				A4C3A5FA212DA34700619A9E /* WelcomeLoginViewController.h */,
				A4C3A5FB212DA34700619A9E /* WelcomeLoginViewController.m */,
			);
			path = WelcomeLoginView;
			sourceTree = "<group>";
		};
		A4E69370213C54D800BA4511 /* WelcomeView */ = {
			isa = PBXGroup;
			children = (
				A4E69371213C54FF00BA4511 /* WelcomeViewController.h */,
				A4E69372213C54FF00BA4511 /* WelcomeViewController.m */,
			);
			path = WelcomeView;
			sourceTree = "<group>";
		};
		A4EFDD9F2140F6D7009B8644 /* SideMenuViewController */ = {
			isa = PBXGroup;
			children = (
				A4EFDDA02140F788009B8644 /* SideMenuViewController.h */,
				A4EFDDA12140F788009B8644 /* SideMenuViewController.m */,
			);
			path = SideMenuViewController;
			sourceTree = "<group>";
		};
		AEA336E996E8E9D83173CD54 /* Pods */ = {
			isa = PBXGroup;
			children = (
				52740846A9BBC5877E159C6F /* Pods-KabanIOS.debug.xcconfig */,
				0475E7A1894948098EB8E2F2 /* Pods-KabanIOS.release.xcconfig */,
			);
			name = Pods;
			sourceTree = "<group>";
		};
		B9BAF47A46AA6A007518F32E /* Frameworks */ = {
			isa = PBXGroup;
			children = (
				5EFADE40A6F762B9B31D7775 /* libPods-KabanIOS.a */,
			);
			name = Frameworks;
			sourceTree = "<group>";
		};
/* End PBXGroup section */

/* Begin PBXNativeTarget section */
		A4C3A5F3212DA34700619A9E /* KabanIOS */ = {
			isa = PBXNativeTarget;
			buildConfigurationList = A4C3A60D212DA34900619A9E /* Build configuration list for PBXNativeTarget "KabanIOS" */;
			buildPhases = (
				CB0A89101B7528714E17B9B6 /* [CP] Check Pods Manifest.lock */,
				A4C3A5F0212DA34700619A9E /* Sources */,
				A4C3A5F1212DA34700619A9E /* Frameworks */,
				A4C3A5F2212DA34700619A9E /* Resources */,
				534E96D0321765511B1CA3EC /* [CP] Copy Pods Resources */,
			);
			buildRules = (
			);
			dependencies = (
			);
			name = KabanIOS;
			productName = KabanIOS;
			productReference = A4C3A5F4212DA34700619A9E /* KabanIOS.app */;
			productType = "com.apple.product-type.application";
		};
/* End PBXNativeTarget section */

/* Begin PBXProject section */
		A4C3A5EC212DA34700619A9E /* Project object */ = {
			isa = PBXProject;
			attributes = {
				LastUpgradeCheck = 0940;
				ORGANIZATIONNAME = "Dimitar Danailov";
				TargetAttributes = {
					A4C3A5F3212DA34700619A9E = {
						CreatedOnToolsVersion = 9.4.1;
					};
				};
			};
			buildConfigurationList = A4C3A5EF212DA34700619A9E /* Build configuration list for PBXProject "KabanIOS" */;
			compatibilityVersion = "Xcode 9.3";
			developmentRegion = en;
			hasScannedForEncodings = 0;
			knownRegions = (
				en,
				Base,
			);
			mainGroup = A4C3A5EB212DA34700619A9E;
			productRefGroup = A4C3A5F5212DA34700619A9E /* Products */;
			projectDirPath = "";
			projectRoot = "";
			targets = (
				A4C3A5F3212DA34700619A9E /* KabanIOS */,
			);
		};
/* End PBXProject section */

/* Begin PBXResourcesBuildPhase section */
		A4C3A5F2212DA34700619A9E /* Resources */ = {
			isa = PBXResourcesBuildPhase;
			buildActionMask = 2147483647;
			files = (
				A4C3A607212DA34900619A9E /* LaunchScreen.storyboard in Resources */,
				A411BCBA212DB86500A2BBDA /* GoogleService-Info.plist in Resources */,
				A4C3A604212DA34900619A9E /* Assets.xcassets in Resources */,
				A4C3A5FF212DA34700619A9E /* Main.storyboard in Resources */,
			);
			runOnlyForDeploymentPostprocessing = 0;
		};
/* End PBXResourcesBuildPhase section */

/* Begin PBXShellScriptBuildPhase section */
		534E96D0321765511B1CA3EC /* [CP] Copy Pods Resources */ = {
			isa = PBXShellScriptBuildPhase;
			buildActionMask = 2147483647;
			files = (
			);
			inputPaths = (
				"${SRCROOT}/Pods/Target Support Files/Pods-KabanIOS/Pods-KabanIOS-resources.sh",
				"${PODS_ROOT}/FBSDKCoreKit/FacebookSDKStrings.bundle",
				"${PODS_ROOT}/GTMOAuth2/Source/Touch/GTMOAuth2ViewTouch.xib",
				"${PODS_ROOT}/GoogleSignIn/Resources/GoogleSignIn.bundle",
			);
			name = "[CP] Copy Pods Resources";
			outputPaths = (
				"${TARGET_BUILD_DIR}/${UNLOCALIZED_RESOURCES_FOLDER_PATH}/FacebookSDKStrings.bundle",
				"${TARGET_BUILD_DIR}/${UNLOCALIZED_RESOURCES_FOLDER_PATH}/GTMOAuth2ViewTouch.nib",
				"${TARGET_BUILD_DIR}/${UNLOCALIZED_RESOURCES_FOLDER_PATH}/GoogleSignIn.bundle",
			);
			runOnlyForDeploymentPostprocessing = 0;
			shellPath = /bin/sh;
			shellScript = "\"${SRCROOT}/Pods/Target Support Files/Pods-KabanIOS/Pods-KabanIOS-resources.sh\"\n";
			showEnvVarsInLog = 0;
		};
		CB0A89101B7528714E17B9B6 /* [CP] Check Pods Manifest.lock */ = {
			isa = PBXShellScriptBuildPhase;
			buildActionMask = 2147483647;
			files = (
			);
			inputPaths = (
				"${PODS_PODFILE_DIR_PATH}/Podfile.lock",
				"${PODS_ROOT}/Manifest.lock",
			);
			name = "[CP] Check Pods Manifest.lock";
			outputPaths = (
				"$(DERIVED_FILE_DIR)/Pods-KabanIOS-checkManifestLockResult.txt",
			);
			runOnlyForDeploymentPostprocessing = 0;
			shellPath = /bin/sh;
			shellScript = "diff \"${PODS_PODFILE_DIR_PATH}/Podfile.lock\" \"${PODS_ROOT}/Manifest.lock\" > /dev/null\nif [ $? != 0 ] ; then\n    # print error to STDERR\n    echo \"error: The sandbox is not in sync with the Podfile.lock. Run 'pod install' or update your CocoaPods installation.\" >&2\n    exit 1\nfi\n# This output is used by Xcode 'outputs' to avoid re-running this script phase.\necho \"SUCCESS\" > \"${SCRIPT_OUTPUT_FILE_0}\"\n";
			showEnvVarsInLog = 0;
		};
/* End PBXShellScriptBuildPhase section */

/* Begin PBXSourcesBuildPhase section */
		A4C3A5F0212DA34700619A9E /* Sources */ = {
			isa = PBXSourcesBuildPhase;
			buildActionMask = 2147483647;
			files = (
				A4C3A5FC212DA34700619A9E /* WelcomeLoginViewController.m in Sources */,
				A49C42B9213A3A9B0022A2E7 /* FacebookLoginHelper.m in Sources */,
				A4C3A5F9212DA34700619A9E /* AppDelegate.m in Sources */,
				A4C3A60A212DA34900619A9E /* main.m in Sources */,
				A49C42C1213A8F7F0022A2E7 /* ParentViewController.m in Sources */,
				A412ECAE2140674000FAE222 /* RevealViewController.m in Sources */,
				A4E69373213C54FF00BA4511 /* WelcomeViewController.m in Sources */,
				A49C42BE213A82680022A2E7 /* UIViewController+Additions.m in Sources */,
				A411BCC8212DD75900A2BBDA /* ProfileManager.m in Sources */,
				A411BCC3212DD42B00A2BBDA /* Profile.m in Sources */,
				A411BCC0212DD35100A2BBDA /* BaseModel.m in Sources */,
				A4C3A602212DA34700619A9E /* KabanIOS.xcdatamodeld in Sources */,
				A4EFDDA22140F788009B8644 /* SideMenuViewController.m in Sources */,
				A49C42B5213A36540022A2E7 /* HomeViewController.m in Sources */,
			);
			runOnlyForDeploymentPostprocessing = 0;
		};
/* End PBXSourcesBuildPhase section */

/* Begin PBXVariantGroup section */
		A4C3A5FD212DA34700619A9E /* Main.storyboard */ = {
			isa = PBXVariantGroup;
			children = (
				A4C3A5FE212DA34700619A9E /* Base */,
			);
			name = Main.storyboard;
			sourceTree = "<group>";
		};
		A4C3A605212DA34900619A9E /* LaunchScreen.storyboard */ = {
			isa = PBXVariantGroup;
			children = (
				A4C3A606212DA34900619A9E /* Base */,
			);
			name = LaunchScreen.storyboard;
			sourceTree = "<group>";
		};
/* End PBXVariantGroup section */

/* Begin XCBuildConfiguration section */
		A4C3A60B212DA34900619A9E /* Debug */ = {
			isa = XCBuildConfiguration;
			buildSettings = {
				ALWAYS_SEARCH_USER_PATHS = NO;
				CLANG_ANALYZER_NONNULL = YES;
				CLANG_ANALYZER_NUMBER_OBJECT_CONVERSION = YES_AGGRESSIVE;
				CLANG_CXX_LANGUAGE_STANDARD = "gnu++14";
				CLANG_CXX_LIBRARY = "libc++";
				CLANG_ENABLE_MODULES = YES;
				CLANG_ENABLE_OBJC_ARC = YES;
				CLANG_ENABLE_OBJC_WEAK = YES;
				CLANG_WARN_BLOCK_CAPTURE_AUTORELEASING = YES;
				CLANG_WARN_BOOL_CONVERSION = YES;
				CLANG_WARN_COMMA = YES;
				CLANG_WARN_CONSTANT_CONVERSION = YES;
				CLANG_WARN_DEPRECATED_OBJC_IMPLEMENTATIONS = YES;
				CLANG_WARN_DIRECT_OBJC_ISA_USAGE = YES_ERROR;
				CLANG_WARN_DOCUMENTATION_COMMENTS = YES;
				CLANG_WARN_EMPTY_BODY = YES;
				CLANG_WARN_ENUM_CONVERSION = YES;
				CLANG_WARN_INFINITE_RECURSION = YES;
				CLANG_WARN_INT_CONVERSION = YES;
				CLANG_WARN_NON_LITERAL_NULL_CONVERSION = YES;
				CLANG_WARN_OBJC_IMPLICIT_RETAIN_SELF = YES;
				CLANG_WARN_OBJC_LITERAL_CONVERSION = YES;
				CLANG_WARN_OBJC_ROOT_CLASS = YES_ERROR;
				CLANG_WARN_RANGE_LOOP_ANALYSIS = YES;
				CLANG_WARN_STRICT_PROTOTYPES = YES;
				CLANG_WARN_SUSPICIOUS_MOVE = YES;
				CLANG_WARN_UNGUARDED_AVAILABILITY = YES_AGGRESSIVE;
				CLANG_WARN_UNREACHABLE_CODE = YES;
				CLANG_WARN__DUPLICATE_METHOD_MATCH = YES;
				CODE_SIGN_IDENTITY = "iPhone Developer";
				COPY_PHASE_STRIP = NO;
				DEBUG_INFORMATION_FORMAT = dwarf;
				ENABLE_STRICT_OBJC_MSGSEND = YES;
				ENABLE_TESTABILITY = YES;
				GCC_C_LANGUAGE_STANDARD = gnu11;
				GCC_DYNAMIC_NO_PIC = NO;
				GCC_NO_COMMON_BLOCKS = YES;
				GCC_OPTIMIZATION_LEVEL = 0;
				GCC_PREPROCESSOR_DEFINITIONS = (
					"DEBUG=1",
					"$(inherited)",
				);
				GCC_WARN_64_TO_32_BIT_CONVERSION = YES;
				GCC_WARN_ABOUT_RETURN_TYPE = YES_ERROR;
				GCC_WARN_UNDECLARED_SELECTOR = YES;
				GCC_WARN_UNINITIALIZED_AUTOS = YES_AGGRESSIVE;
				GCC_WARN_UNUSED_FUNCTION = YES;
				GCC_WARN_UNUSED_VARIABLE = YES;
				IPHONEOS_DEPLOYMENT_TARGET = 11.4;
				MTL_ENABLE_DEBUG_INFO = YES;
				ONLY_ACTIVE_ARCH = YES;
				SDKROOT = iphoneos;
			};
			name = Debug;
		};
		A4C3A60C212DA34900619A9E /* Release */ = {
			isa = XCBuildConfiguration;
			buildSettings = {
				ALWAYS_SEARCH_USER_PATHS = NO;
				CLANG_ANALYZER_NONNULL = YES;
				CLANG_ANALYZER_NUMBER_OBJECT_CONVERSION = YES_AGGRESSIVE;
				CLANG_CXX_LANGUAGE_STANDARD = "gnu++14";
				CLANG_CXX_LIBRARY = "libc++";
				CLANG_ENABLE_MODULES = YES;
				CLANG_ENABLE_OBJC_ARC = YES;
				CLANG_ENABLE_OBJC_WEAK = YES;
				CLANG_WARN_BLOCK_CAPTURE_AUTORELEASING = YES;
				CLANG_WARN_BOOL_CONVERSION = YES;
				CLANG_WARN_COMMA = YES;
				CLANG_WARN_CONSTANT_CONVERSION = YES;
				CLANG_WARN_DEPRECATED_OBJC_IMPLEMENTATIONS = YES;
				CLANG_WARN_DIRECT_OBJC_ISA_USAGE = YES_ERROR;
				CLANG_WARN_DOCUMENTATION_COMMENTS = YES;
				CLANG_WARN_EMPTY_BODY = YES;
				CLANG_WARN_ENUM_CONVERSION = YES;
				CLANG_WARN_INFINITE_RECURSION = YES;
				CLANG_WARN_INT_CONVERSION = YES;
				CLANG_WARN_NON_LITERAL_NULL_CONVERSION = YES;
				CLANG_WARN_OBJC_IMPLICIT_RETAIN_SELF = YES;
				CLANG_WARN_OBJC_LITERAL_CONVERSION = YES;
				CLANG_WARN_OBJC_ROOT_CLASS = YES_ERROR;
				CLANG_WARN_RANGE_LOOP_ANALYSIS = YES;
				CLANG_WARN_STRICT_PROTOTYPES = YES;
				CLANG_WARN_SUSPICIOUS_MOVE = YES;
				CLANG_WARN_UNGUARDED_AVAILABILITY = YES_AGGRESSIVE;
				CLANG_WARN_UNREACHABLE_CODE = YES;
				CLANG_WARN__DUPLICATE_METHOD_MATCH = YES;
				CODE_SIGN_IDENTITY = "iPhone Developer";
				COPY_PHASE_STRIP = NO;
				DEBUG_INFORMATION_FORMAT = "dwarf-with-dsym";
				ENABLE_NS_ASSERTIONS = NO;
				ENABLE_STRICT_OBJC_MSGSEND = YES;
				GCC_C_LANGUAGE_STANDARD = gnu11;
				GCC_NO_COMMON_BLOCKS = YES;
				GCC_WARN_64_TO_32_BIT_CONVERSION = YES;
				GCC_WARN_ABOUT_RETURN_TYPE = YES_ERROR;
				GCC_WARN_UNDECLARED_SELECTOR = YES;
				GCC_WARN_UNINITIALIZED_AUTOS = YES_AGGRESSIVE;
				GCC_WARN_UNUSED_FUNCTION = YES;
				GCC_WARN_UNUSED_VARIABLE = YES;
				IPHONEOS_DEPLOYMENT_TARGET = 11.4;
				MTL_ENABLE_DEBUG_INFO = NO;
				SDKROOT = iphoneos;
				VALIDATE_PRODUCT = YES;
			};
			name = Release;
		};
		A4C3A60E212DA34900619A9E /* Debug */ = {
			isa = XCBuildConfiguration;
			baseConfigurationReference = 52740846A9BBC5877E159C6F /* Pods-KabanIOS.debug.xcconfig */;
			buildSettings = {
				ASSETCATALOG_COMPILER_APPICON_NAME = AppIcon;
				CODE_SIGN_STYLE = Automatic;
				DEVELOPMENT_TEAM = X4TJCNW3L5;
				INFOPLIST_FILE = KabanIOS/Info.plist;
				LD_RUNPATH_SEARCH_PATHS = (
					"$(inherited)",
					"@executable_path/Frameworks",
				);
				PRODUCT_BUNDLE_IDENTIFIER = kaban.KabanIOS;
				PRODUCT_NAME = "$(TARGET_NAME)";
				TARGETED_DEVICE_FAMILY = "1,2";
			};
			name = Debug;
		};
		A4C3A60F212DA34900619A9E /* Release */ = {
			isa = XCBuildConfiguration;
			baseConfigurationReference = 0475E7A1894948098EB8E2F2 /* Pods-KabanIOS.release.xcconfig */;
			buildSettings = {
				ASSETCATALOG_COMPILER_APPICON_NAME = AppIcon;
				CODE_SIGN_STYLE = Automatic;
				DEVELOPMENT_TEAM = X4TJCNW3L5;
				INFOPLIST_FILE = KabanIOS/Info.plist;
				LD_RUNPATH_SEARCH_PATHS = (
					"$(inherited)",
					"@executable_path/Frameworks",
				);
				PRODUCT_BUNDLE_IDENTIFIER = kaban.KabanIOS;
				PRODUCT_NAME = "$(TARGET_NAME)";
				TARGETED_DEVICE_FAMILY = "1,2";
			};
			name = Release;
		};
/* End XCBuildConfiguration section */

/* Begin XCConfigurationList section */
		A4C3A5EF212DA34700619A9E /* Build configuration list for PBXProject "KabanIOS" */ = {
			isa = XCConfigurationList;
			buildConfigurations = (
				A4C3A60B212DA34900619A9E /* Debug */,
				A4C3A60C212DA34900619A9E /* Release */,
			);
			defaultConfigurationIsVisible = 0;
			defaultConfigurationName = Release;
		};
		A4C3A60D212DA34900619A9E /* Build configuration list for PBXNativeTarget "KabanIOS" */ = {
			isa = XCConfigurationList;
			buildConfigurations = (
				A4C3A60E212DA34900619A9E /* Debug */,
				A4C3A60F212DA34900619A9E /* Release */,
			);
			defaultConfigurationIsVisible = 0;
			defaultConfigurationName = Release;
		};
/* End XCConfigurationList section */

/* Begin XCVersionGroup section */
		A4C3A600212DA34700619A9E /* KabanIOS.xcdatamodeld */ = {
			isa = XCVersionGroup;
			children = (
				A4C3A601212DA34700619A9E /* KabanIOS.xcdatamodel */,
			);
			currentVersion = A4C3A601212DA34700619A9E /* KabanIOS.xcdatamodel */;
			path = KabanIOS.xcdatamodeld;
			sourceTree = "<group>";
			versionGroupType = wrapper.xcdatamodel;
		};
/* End XCVersionGroup section */
	};
	rootObject = A4C3A5EC212DA34700619A9E /* Project object */;
}
